
Microsoft Visual Studio Solution File, Format Version 11.00
# Visual Studio 2010
Project("{2150E333-8FDC-42A3-9474-1A3956D46DE8}") = "10.Bootstrapper", "10.Bootstrapper", "{3DC743E9-48D7-4A23-B453-878F60F08A79}"
EndProject
Project("{FAE04EC0-301F-11D3-BF4B-00C04F79EFBC}") = "ATS", "10.Bootstrapper\ATS.csproj", "{C6F3D240-20F0-4ACC-8AF9-7F91AB8A2423}"
EndProject
Project("{2150E333-8FDC-42A3-9474-1A3956D46DE8}") = "40.DomainLayer", "40.DomainLayer", "{33B5214D-40DF-4750-88EA-B0236A8D3D4F}"
EndProject
Project("{2150E333-8FDC-42A3-9474-1A3956D46DE8}") = "BusinessObjects", "BusinessObjects", "{0A1B0FDB-F821-4144-8877-CAFE2A999F12}"
	ProjectSection(SolutionItems) = preProject
		40.DomainLayer\BusinessObjects\HierarchyModel.cs = 40.DomainLayer\BusinessObjects\HierarchyModel.cs
	EndProjectSection
EndProject
Project("{2150E333-8FDC-42A3-9474-1A3956D46DE8}") = "Domain", "Domain", "{AFAEAAD4-F3B9-4CD1-89E1-9274F4A2D9D8}"
EndProject
Project("{2150E333-8FDC-42A3-9474-1A3956D46DE8}") = "BusinessLogic", "BusinessLogic", "{93A22E9E-CA17-4197-892B-B386E65682E5}"
EndProject
Project("{FAE04EC0-301F-11D3-BF4B-00C04F79EFBC}") = "ATSDomain", "40.DomainLayer\Domain\ATSDomain.csproj", "{4977DD22-0A82-45A2-B95C-8A59D763F743}"
EndProject
Project("{2150E333-8FDC-42A3-9474-1A3956D46DE8}") = "20.PresentationLayer", "20.PresentationLayer", "{7CC2DA62-C6C1-485C-8A71-5BBC788F03EE}"
EndProject
Project("{FAE04EC0-301F-11D3-BF4B-00C04F79EFBC}") = "ATSUI", "20.PresentationLayer\ATSUI.csproj", "{F0AF4A53-2CB5-45E9-8FAA-3EDF3639BBDD}"
EndProject
Project("{2150E333-8FDC-42A3-9474-1A3956D46DE8}") = "30.ApplicationLayer", "30.ApplicationLayer", "{04B11C14-6C03-424B-8C15-13D67896AF96}"
EndProject
Project("{FAE04EC0-301F-11D3-BF4B-00C04F79EFBC}") = "ATSVM", "30.ApplicationLayer\ATSVM.csproj", "{3153BA7E-FF17-47B4-AFDD-0F5163409B9D}"
EndProject
Project("{2150E333-8FDC-42A3-9474-1A3956D46DE8}") = "70.Modules", "70.Modules", "{ECEE6D46-7D4A-4DC3-9619-6F3EFCF2BEDC}"
EndProject
Project("{2150E333-8FDC-42A3-9474-1A3956D46DE8}") = "ExplorerModule", "ExplorerModule", "{FCFDEB27-41F1-4F8C-BD5B-33754C926512}"
EndProject
Project("{FAE04EC0-301F-11D3-BF4B-00C04F79EFBC}") = "ExplorerModule", "70.Modules\ExplorerModule\ExplorerModule.csproj", "{323DB358-7689-48B3-88BE-4F8BF352A2A8}"
EndProject
Project("{FAE04EC0-301F-11D3-BF4B-00C04F79EFBC}") = "ATSBusinessObjects", "40.DomainLayer\BusinessObjects\ATSBusinessObjects.csproj", "{68F3D538-CDE9-40A6-8591-4B1B9D57978E}"
EndProject
Project("{FAE04EC0-301F-11D3-BF4B-00C04F79EFBC}") = "ATSBusinessLogic", "40.DomainLayer\BusinessLogic\ATSBusinessLogic.csproj", "{C359B3F4-760E-45F0-AF1F-C5742DD4437D}"
EndProject
Project("{2150E333-8FDC-42A3-9474-1A3956D46DE8}") = "NotesModule", "NotesModule", "{12710CFC-6EB2-47C4-AC9A-52EA4881F83A}"
EndProject
Project("{FAE04EC0-301F-11D3-BF4B-00C04F79EFBC}") = "NotesModule", "70.Modules\NotesModule\NotesModule.csproj", "{3023786F-09D4-4994-A330-00EC3D490BEE}"
EndProject
Project("{2150E333-8FDC-42A3-9474-1A3956D46DE8}") = "UserCertModule", "UserCertModule", "{26BA6DA7-7ABE-4930-B8EA-81CBB74BB50D}"
EndProject
Project("{2150E333-8FDC-42A3-9474-1A3956D46DE8}") = "ContentMgmtModule", "ContentMgmtModule", "{202F2098-BA12-4D4E-9847-CE7BE2AD3534}"
EndProject
Project("{FAE04EC0-301F-11D3-BF4B-00C04F79EFBC}") = "ContentMgmtModule", "70.Modules\ContentMgmtModule\ContentMgmtModule.csproj", "{2F014C2A-270F-4E46-99B8-DC36EDA12335}"
EndProject
Project("{FAE04EC0-301F-11D3-BF4B-00C04F79EFBC}") = "UserCertModule", "70.Modules\UserCertModule\UserCertModule.csproj", "{AE4420D2-8C42-4898-98E9-47BFBC159C72}"
EndProject
Global
	GlobalSection(SolutionConfigurationPlatforms) = preSolution
		Debug|Any CPU = Debug|Any CPU
		Debug|Mixed Platforms = Debug|Mixed Platforms
		Debug|x86 = Debug|x86
		Release|Any CPU = Release|Any CPU
		Release|Mixed Platforms = Release|Mixed Platforms
		Release|x86 = Release|x86
	EndGlobalSection
	GlobalSection(ProjectConfigurationPlatforms) = postSolution
		{C6F3D240-20F0-4ACC-8AF9-7F91AB8A2423}.Debug|Any CPU.ActiveCfg = Debug|x86
		{C6F3D240-20F0-4ACC-8AF9-7F91AB8A2423}.Debug|Mixed Platforms.ActiveCfg = Debug|x86
		{C6F3D240-20F0-4ACC-8AF9-7F91AB8A2423}.Debug|Mixed Platforms.Build.0 = Debug|x86
		{C6F3D240-20F0-4ACC-8AF9-7F91AB8A2423}.Debug|x86.ActiveCfg = Debug|x86
		{C6F3D240-20F0-4ACC-8AF9-7F91AB8A2423}.Debug|x86.Build.0 = Debug|x86
		{C6F3D240-20F0-4ACC-8AF9-7F91AB8A2423}.Release|Any CPU.ActiveCfg = Release|x86
		{C6F3D240-20F0-4ACC-8AF9-7F91AB8A2423}.Release|Mixed Platforms.ActiveCfg = Release|x86
		{C6F3D240-20F0-4ACC-8AF9-7F91AB8A2423}.Release|Mixed Platforms.Build.0 = Release|x86
		{C6F3D240-20F0-4ACC-8AF9-7F91AB8A2423}.Release|x86.ActiveCfg = Release|x86
		{C6F3D240-20F0-4ACC-8AF9-7F91AB8A2423}.Release|x86.Build.0 = Release|x86
		{4977DD22-0A82-45A2-B95C-8A59D763F743}.Debug|Any CPU.ActiveCfg = Debug|Any CPU
		{4977DD22-0A82-45A2-B95C-8A59D763F743}.Debug|Any CPU.Build.0 = Debug|Any CPU
		{4977DD22-0A82-45A2-B95C-8A59D763F743}.Debug|Mixed Platforms.ActiveCfg = Debug|Any CPU
		{4977DD22-0A82-45A2-B95C-8A59D763F743}.Debug|Mixed Platforms.Build.0 = Debug|Any CPU
		{4977DD22-0A82-45A2-B95C-8A59D763F743}.Debug|x86.ActiveCfg = Debug|Any CPU
		{4977DD22-0A82-45A2-B95C-8A59D763F743}.Release|Any CPU.ActiveCfg = Release|Any CPU
		{4977DD22-0A82-45A2-B95C-8A59D763F743}.Release|Any CPU.Build.0 = Release|Any CPU
		{4977DD22-0A82-45A2-B95C-8A59D763F743}.Release|Mixed Platforms.ActiveCfg = Release|Any CPU
		{4977DD22-0A82-45A2-B95C-8A59D763F743}.Release|Mixed Platforms.Build.0 = Release|Any CPU
		{4977DD22-0A82-45A2-B95C-8A59D763F743}.Release|x86.ActiveCfg = Release|Any CPU
		{F0AF4A53-2CB5-45E9-8FAA-3EDF3639BBDD}.Debug|Any CPU.ActiveCfg = Debug|x86
		{F0AF4A53-2CB5-45E9-8FAA-3EDF3639BBDD}.Debug|Mixed Platforms.ActiveCfg = Debug|x86
		{F0AF4A53-2CB5-45E9-8FAA-3EDF3639BBDD}.Debug|Mixed Platforms.Build.0 = Debug|x86
		{F0AF4A53-2CB5-45E9-8FAA-3EDF3639BBDD}.Debug|x86.ActiveCfg = Debug|x86
		{F0AF4A53-2CB5-45E9-8FAA-3EDF3639BBDD}.Debug|x86.Build.0 = Debug|x86
		{F0AF4A53-2CB5-45E9-8FAA-3EDF3639BBDD}.Release|Any CPU.ActiveCfg = Release|x86
		{F0AF4A53-2CB5-45E9-8FAA-3EDF3639BBDD}.Release|Mixed Platforms.ActiveCfg = Release|x86
		{F0AF4A53-2CB5-45E9-8FAA-3EDF3639BBDD}.Release|Mixed Platforms.Build.0 = Release|x86
		{F0AF4A53-2CB5-45E9-8FAA-3EDF3639BBDD}.Release|x86.ActiveCfg = Release|x86
		{F0AF4A53-2CB5-45E9-8FAA-3EDF3639BBDD}.Release|x86.Build.0 = Release|x86
		{3153BA7E-FF17-47B4-AFDD-0F5163409B9D}.Debug|Any CPU.ActiveCfg = Debug|Any CPU
		{3153BA7E-FF17-47B4-AFDD-0F5163409B9D}.Debug|Any CPU.Build.0 = Debug|Any CPU
		{3153BA7E-FF17-47B4-AFDD-0F5163409B9D}.Debug|Mixed Platforms.ActiveCfg = Debug|Any CPU
		{3153BA7E-FF17-47B4-AFDD-0F5163409B9D}.Debug|Mixed Platforms.Build.0 = Debug|Any CPU
		{3153BA7E-FF17-47B4-AFDD-0F5163409B9D}.Debug|x86.ActiveCfg = Debug|Any CPU
		{3153BA7E-FF17-47B4-AFDD-0F5163409B9D}.Release|Any CPU.ActiveCfg = Release|Any CPU
		{3153BA7E-FF17-47B4-AFDD-0F5163409B9D}.Release|Any CPU.Build.0 = Release|Any CPU
		{3153BA7E-FF17-47B4-AFDD-0F5163409B9D}.Release|Mixed Platforms.ActiveCfg = Release|Any CPU
		{3153BA7E-FF17-47B4-AFDD-0F5163409B9D}.Release|Mixed Platforms.Build.0 = Release|Any CPU
		{3153BA7E-FF17-47B4-AFDD-0F5163409B9D}.Release|x86.ActiveCfg = Release|Any CPU
		{323DB358-7689-48B3-88BE-4F8BF352A2A8}.Debug|Any CPU.ActiveCfg = Debug|Any CPU
		{323DB358-7689-48B3-88BE-4F8BF352A2A8}.Debug|Any CPU.Build.0 = Debug|Any CPU
		{323DB358-7689-48B3-88BE-4F8BF352A2A8}.Debug|Mixed Platforms.ActiveCfg = Debug|Any CPU
		{323DB358-7689-48B3-88BE-4F8BF352A2A8}.Debug|Mixed Platforms.Build.0 = Debug|Any CPU
		{323DB358-7689-48B3-88BE-4F8BF352A2A8}.Debug|x86.ActiveCfg = Debug|Any CPU
		{323DB358-7689-48B3-88BE-4F8BF352A2A8}.Release|Any CPU.ActiveCfg = Release|Any CPU
		{323DB358-7689-48B3-88BE-4F8BF352A2A8}.Release|Any CPU.Build.0 = Release|Any CPU
		{323DB358-7689-48B3-88BE-4F8BF352A2A8}.Release|Mixed Platforms.ActiveCfg = Release|Any CPU
		{323DB358-7689-48B3-88BE-4F8BF352A2A8}.Release|Mixed Platforms.Build.0 = Release|Any CPU
		{323DB358-7689-48B3-88BE-4F8BF352A2A8}.Release|x86.ActiveCfg = Release|Any CPU
		{68F3D538-CDE9-40A6-8591-4B1B9D57978E}.Debug|Any CPU.ActiveCfg = Debug|Any CPU
		{68F3D538-CDE9-40A6-8591-4B1B9D57978E}.Debug|Any CPU.Build.0 = Debug|Any CPU
		{68F3D538-CDE9-40A6-8591-4B1B9D57978E}.Debug|Mixed Platforms.ActiveCfg = Debug|Any CPU
		{68F3D538-CDE9-40A6-8591-4B1B9D57978E}.Debug|Mixed Platforms.Build.0 = Debug|Any CPU
		{68F3D538-CDE9-40A6-8591-4B1B9D57978E}.Debug|x86.ActiveCfg = Debug|Any CPU
		{68F3D538-CDE9-40A6-8591-4B1B9D57978E}.Release|Any CPU.ActiveCfg = Release|Any CPU
		{68F3D538-CDE9-40A6-8591-4B1B9D57978E}.Release|Any CPU.Build.0 = Release|Any CPU
		{68F3D538-CDE9-40A6-8591-4B1B9D57978E}.Release|Mixed Platforms.ActiveCfg = Release|Any CPU
		{68F3D538-CDE9-40A6-8591-4B1B9D57978E}.Release|Mixed Platforms.Build.0 = Release|Any CPU
		{68F3D538-CDE9-40A6-8591-4B1B9D57978E}.Release|x86.ActiveCfg = Release|Any CPU
		{C359B3F4-760E-45F0-AF1F-C5742DD4437D}.Debug|Any CPU.ActiveCfg = Debug|Any CPU
		{C359B3F4-760E-45F0-AF1F-C5742DD4437D}.Debug|Any CPU.Build.0 = Debug|Any CPU
		{C359B3F4-760E-45F0-AF1F-C5742DD4437D}.Debug|Mixed Platforms.ActiveCfg = Debug|Any CPU
		{C359B3F4-760E-45F0-AF1F-C5742DD4437D}.Debug|Mixed Platforms.Build.0 = Debug|Any CPU
		{C359B3F4-760E-45F0-AF1F-C5742DD4437D}.Debug|x86.ActiveCfg = Debug|Any CPU
		{C359B3F4-760E-45F0-AF1F-C5742DD4437D}.Release|Any CPU.ActiveCfg = Release|Any CPU
		{C359B3F4-760E-45F0-AF1F-C5742DD4437D}.Release|Any CPU.Build.0 = Release|Any CPU
		{C359B3F4-760E-45F0-AF1F-C5742DD4437D}.Release|Mixed Platforms.ActiveCfg = Release|Any CPU
		{C359B3F4-760E-45F0-AF1F-C5742DD4437D}.Release|Mixed Platforms.Build.0 = Release|Any CPU
		{C359B3F4-760E-45F0-AF1F-C5742DD4437D}.Release|x86.ActiveCfg = Release|Any CPU
		{3023786F-09D4-4994-A330-00EC3D490BEE}.Debug|Any CPU.ActiveCfg = Debug|Any CPU
		{3023786F-09D4-4994-A330-00EC3D490BEE}.Debug|Any CPU.Build.0 = Debug|Any CPU
		{3023786F-09D4-4994-A330-00EC3D490BEE}.Debug|Mixed Platforms.ActiveCfg = Debug|Any CPU
		{3023786F-09D4-4994-A330-00EC3D490BEE}.Debug|Mixed Platforms.Build.0 = Debug|Any CPU
		{3023786F-09D4-4994-A330-00EC3D490BEE}.Debug|x86.ActiveCfg = Debug|Any CPU
		{3023786F-09D4-4994-A330-00EC3D490BEE}.Release|Any CPU.ActiveCfg = Release|Any CPU
		{3023786F-09D4-4994-A330-00EC3D490BEE}.Release|Any CPU.Build.0 = Release|Any CPU
		{3023786F-09D4-4994-A330-00EC3D490BEE}.Release|Mixed Platforms.ActiveCfg = Release|Any CPU
		{3023786F-09D4-4994-A330-00EC3D490BEE}.Release|Mixed Platforms.Build.0 = Release|Any CPU
		{3023786F-09D4-4994-A330-00EC3D490BEE}.Release|x86.ActiveCfg = Release|Any CPU
		{2F014C2A-270F-4E46-99B8-DC36EDA12335}.Debug|Any CPU.ActiveCfg = Debug|Any CPU
		{2F014C2A-270F-4E46-99B8-DC36EDA12335}.Debug|Any CPU.Build.0 = Debug|Any CPU
		{2F014C2A-270F-4E46-99B8-DC36EDA12335}.Debug|Mixed Platforms.ActiveCfg = Debug|Any CPU
		{2F014C2A-270F-4E46-99B8-DC36EDA12335}.Debug|Mixed Platforms.Build.0 = Debug|Any CPU
		{2F014C2A-270F-4E46-99B8-DC36EDA12335}.Debug|x86.ActiveCfg = Debug|Any CPU
		{2F014C2A-270F-4E46-99B8-DC36EDA12335}.Release|Any CPU.ActiveCfg = Release|Any CPU
		{2F014C2A-270F-4E46-99B8-DC36EDA12335}.Release|Any CPU.Build.0 = Release|Any CPU
		{2F014C2A-270F-4E46-99B8-DC36EDA12335}.Release|Mixed Platforms.ActiveCfg = Release|Any CPU
		{2F014C2A-270F-4E46-99B8-DC36EDA12335}.Release|Mixed Platforms.Build.0 = Release|Any CPU
		{2F014C2A-270F-4E46-99B8-DC36EDA12335}.Release|x86.ActiveCfg = Release|Any CPU
		{AE4420D2-8C42-4898-98E9-47BFBC159C72}.Debug|Any CPU.ActiveCfg = Debug|Any CPU
		{AE4420D2-8C42-4898-98E9-47BFBC159C72}.Debug|Any CPU.Build.0 = Debug|Any CPU
		{AE4420D2-8C42-4898-98E9-47BFBC159C72}.Debug|Mixed Platforms.ActiveCfg = Debug|Any CPU
		{AE4420D2-8C42-4898-98E9-47BFBC159C72}.Debug|Mixed Platforms.Build.0 = Debug|Any CPU
		{AE4420D2-8C42-4898-98E9-47BFBC159C72}.Debug|x86.ActiveCfg = Debug|Any CPU
		{AE4420D2-8C42-4898-98E9-47BFBC159C72}.Release|Any CPU.ActiveCfg = Release|Any CPU
		{AE4420D2-8C42-4898-98E9-47BFBC159C72}.Release|Any CPU.Build.0 = Release|Any CPU
		{AE4420D2-8C42-4898-98E9-47BFBC159C72}.Release|Mixed Platforms.ActiveCfg = Release|Any CPU
		{AE4420D2-8C42-4898-98E9-47BFBC159C72}.Release|Mixed Platforms.Build.0 = Release|Any CPU
		{AE4420D2-8C42-4898-98E9-47BFBC159C72}.Release|x86.ActiveCfg = Release|Any CPU
	EndGlobalSection
	GlobalSection(SolutionProperties) = preSolution
		HideSolutionNode = FALSE
	EndGlobalSection
	GlobalSection(NestedProjects) = preSolution
		{C6F3D240-20F0-4ACC-8AF9-7F91AB8A2423} = {3DC743E9-48D7-4A23-B453-878F60F08A79}
		{AFAEAAD4-F3B9-4CD1-89E1-9274F4A2D9D8} = {33B5214D-40DF-4750-88EA-B0236A8D3D4F}
		{93A22E9E-CA17-4197-892B-B386E65682E5} = {33B5214D-40DF-4750-88EA-B0236A8D3D4F}
		{0A1B0FDB-F821-4144-8877-CAFE2A999F12} = {AFAEAAD4-F3B9-4CD1-89E1-9274F4A2D9D8}
		{4977DD22-0A82-45A2-B95C-8A59D763F743} = {AFAEAAD4-F3B9-4CD1-89E1-9274F4A2D9D8}
		{68F3D538-CDE9-40A6-8591-4B1B9D57978E} = {0A1B0FDB-F821-4144-8877-CAFE2A999F12}
		{C359B3F4-760E-45F0-AF1F-C5742DD4437D} = {93A22E9E-CA17-4197-892B-B386E65682E5}
		{F0AF4A53-2CB5-45E9-8FAA-3EDF3639BBDD} = {7CC2DA62-C6C1-485C-8A71-5BBC788F03EE}
		{3153BA7E-FF17-47B4-AFDD-0F5163409B9D} = {04B11C14-6C03-424B-8C15-13D67896AF96}
		{FCFDEB27-41F1-4F8C-BD5B-33754C926512} = {ECEE6D46-7D4A-4DC3-9619-6F3EFCF2BEDC}
		{12710CFC-6EB2-47C4-AC9A-52EA4881F83A} = {ECEE6D46-7D4A-4DC3-9619-6F3EFCF2BEDC}
		{26BA6DA7-7ABE-4930-B8EA-81CBB74BB50D} = {ECEE6D46-7D4A-4DC3-9619-6F3EFCF2BEDC}
		{202F2098-BA12-4D4E-9847-CE7BE2AD3534} = {ECEE6D46-7D4A-4DC3-9619-6F3EFCF2BEDC}
		{323DB358-7689-48B3-88BE-4F8BF352A2A8} = {FCFDEB27-41F1-4F8C-BD5B-33754C926512}
		{3023786F-09D4-4994-A330-00EC3D490BEE} = {12710CFC-6EB2-47C4-AC9A-52EA4881F83A}
		{AE4420D2-8C42-4898-98E9-47BFBC159C72} = {26BA6DA7-7ABE-4930-B8EA-81CBB74BB50D}
		{2F014C2A-270F-4E46-99B8-DC36EDA12335} = {202F2098-BA12-4D4E-9847-CE7BE2AD3534}
	EndGlobalSection
EndGlobal
