
Microsoft Visual Studio Solution File, Format Version 11.00
# Visual Studio 2010
Project("{FAE04EC0-301F-11D3-BF4B-00C04F79EFBC}") = "TraceExceptionWrapper", "TraceException\TraceExceptionWrapper.csproj", "{6EC1AF0F-D17D-480C-AD6A-EA0BDFDE11A1}"
EndProject
Global
	GlobalSection(SourceCodeControl) = preSolution
		SccNumberOfProjects = 2
		SccLocalPath0 = .
		SccProjectUniqueName1 = TraceException\\TraceExceptionWrapper.csproj
		SccLocalPath1 = .
		SccProjectFilePathRelativizedFromConnection1 = TraceException\\
	EndGlobalSection
	GlobalSection(SolutionConfigurationPlatforms) = preSolution
		Debug|Any CPU = Debug|Any CPU
		Release|Any CPU = Release|Any CPU
	EndGlobalSection
	GlobalSection(ProjectConfigurationPlatforms) = postSolution
		{6EC1AF0F-D17D-480C-AD6A-EA0BDFDE11A1}.Debug|Any CPU.ActiveCfg = Debug|Any CPU
		{6EC1AF0F-D17D-480C-AD6A-EA0BDFDE11A1}.Debug|Any CPU.Build.0 = Debug|Any CPU
		{6EC1AF0F-D17D-480C-AD6A-EA0BDFDE11A1}.Release|Any CPU.ActiveCfg = Release|Any CPU
		{6EC1AF0F-D17D-480C-AD6A-EA0BDFDE11A1}.Release|Any CPU.Build.0 = Release|Any CPU
	EndGlobalSection
	GlobalSection(SolutionProperties) = preSolution
		HideSolutionNode = FALSE
	EndGlobalSection
EndGlobal
