
Microsoft Visual Studio Solution File, Format Version 11.00
# Visual Studio 2010
Project("{FAE04EC0-301F-11D3-BF4B-00C04F79EFBC}") = "ProfileManagerProvider", "ProfileManagerProvider\ProfileManagerProvider.csproj", "{593759A5-68BF-4929-B364-04C9B44EF6DC}"
EndProject
Global
	GlobalSection(SourceCodeControl) = preSolution
		SccNumberOfProjects = 2
		SccLocalPath0 = .
		SccProjectUniqueName1 = ProfileManagerProvider\\ProfileManagerProvider.csproj
		SccLocalPath1 = .
		SccProjectFilePathRelativizedFromConnection1 = ProfileManagerProvider\\
	EndGlobalSection
	GlobalSection(SolutionConfigurationPlatforms) = preSolution
		Debug|Any CPU = Debug|Any CPU
		Release|Any CPU = Release|Any CPU
	EndGlobalSection
	GlobalSection(ProjectConfigurationPlatforms) = postSolution
		{593759A5-68BF-4929-B364-04C9B44EF6DC}.Debug|Any CPU.ActiveCfg = Debug|Any CPU
		{593759A5-68BF-4929-B364-04C9B44EF6DC}.Debug|Any CPU.Build.0 = Debug|Any CPU
		{593759A5-68BF-4929-B364-04C9B44EF6DC}.Release|Any CPU.ActiveCfg = Release|Any CPU
		{593759A5-68BF-4929-B364-04C9B44EF6DC}.Release|Any CPU.Build.0 = Release|Any CPU
	EndGlobalSection
	GlobalSection(SolutionProperties) = preSolution
		HideSolutionNode = FALSE
	EndGlobalSection
EndGlobal
